
Microsoft Visual Studio Solution File, Format Version 12.00
# Visual Studio Version 17
VisualStudioVersion = 17.8.34408.163
MinimumVisualStudioVersion = 10.0.40219.1
Project("{9A19103F-16F7-4668-BE54-9A1E7A4F7556}") = "PR1_Save_the_Ocean", "Pol Robledillo Ortega - PR1 Save the Ocean\PR1_Save_the_Ocean.csproj", "{93F1834F-D012-4517-AA0C-7055779FDBE8}"
EndProject
Project("{FAE04EC0-301F-11D3-BF4B-00C04F79EFBC}") = "Tests_PR1_Save_the_Ocean", "Tests_PR1_Save_the_Ocean\Tests_PR1_Save_the_Ocean.csproj", "{E9704BA5-53D2-413D-980A-9F9D4484BD00}"
EndProject
Global
	GlobalSection(SolutionConfigurationPlatforms) = preSolution
		Debug|Any CPU = Debug|Any CPU
		Release|Any CPU = Release|Any CPU
	EndGlobalSection
	GlobalSection(ProjectConfigurationPlatforms) = postSolution
		{93F1834F-D012-4517-AA0C-7055779FDBE8}.Debug|Any CPU.ActiveCfg = Debug|Any CPU
		{93F1834F-D012-4517-AA0C-7055779FDBE8}.Debug|Any CPU.Build.0 = Debug|Any CPU
		{93F1834F-D012-4517-AA0C-7055779FDBE8}.Release|Any CPU.ActiveCfg = Release|Any CPU
		{93F1834F-D012-4517-AA0C-7055779FDBE8}.Release|Any CPU.Build.0 = Release|Any CPU
		{E9704BA5-53D2-413D-980A-9F9D4484BD00}.Debug|Any CPU.ActiveCfg = Debug|Any CPU
		{E9704BA5-53D2-413D-980A-9F9D4484BD00}.Debug|Any CPU.Build.0 = Debug|Any CPU
		{E9704BA5-53D2-413D-980A-9F9D4484BD00}.Release|Any CPU.ActiveCfg = Release|Any CPU
		{E9704BA5-53D2-413D-980A-9F9D4484BD00}.Release|Any CPU.Build.0 = Release|Any CPU
	EndGlobalSection
	GlobalSection(SolutionProperties) = preSolution
		HideSolutionNode = FALSE
	EndGlobalSection
	GlobalSection(ExtensibilityGlobals) = postSolution
		SolutionGuid = {78A3EFE0-43FA-4D5E-B098-66B4E25247BA}
	EndGlobalSection
EndGlobal
